%{
  "nimble_csv": {:hex, :nimble_csv, "1.2.0", "4e26385d260c61eba9d4412c71cea34421f296d5353f914afe3f2e71cce97722", [:mix], [], "hexpm", "d0628117fcc2148178b034044c55359b26966c6eaa8e2ce15777be3bbc91b12a"},
  "owl": {:hex, :owl, "0.11.0", "2cd46185d330aa2400f1c8c3cddf8d2ff6320baeff23321d1810e58127082cae", [:mix], [{:ucwidth, "~> 0.2", [hex: :ucwidth, repo: "hexpm", optional: true]}], "hexpm", "73f5783f0e963cc04a061be717a0dbb3e49ae0c4bfd55fb4b78ece8d33a65efe"},
}
